
Microsoft Visual Studio Solution File, Format Version 12.00
# Visual Studio Version 17
VisualStudioVersion = 17.11.35222.181
MinimumVisualStudioVersion = 10.0.40219.1
Project("{FAE04EC0-301F-11D3-BF4B-00C04F79EFBC}") = "AnimalCarnivalRaces", "AnimalCarnivalRaces.csproj", "{93DAEA53-547F-42F3-9071-D6048308ABFE}"
EndProject
Global
	GlobalSection(SolutionConfigurationPlatforms) = preSolution
		Debug|Any CPU = Debug|Any CPU
		Release|Any CPU = Release|Any CPU
	EndGlobalSection
	GlobalSection(ProjectConfigurationPlatforms) = postSolution
		{93DAEA53-547F-42F3-9071-D6048308ABFE}.Debug|Any CPU.ActiveCfg = Debug|Any CPU
		{93DAEA53-547F-42F3-9071-D6048308ABFE}.Debug|Any CPU.Build.0 = Debug|Any CPU
		{93DAEA53-547F-42F3-9071-D6048308ABFE}.Release|Any CPU.ActiveCfg = Release|Any CPU
		{93DAEA53-547F-42F3-9071-D6048308ABFE}.Release|Any CPU.Build.0 = Release|Any CPU
	EndGlobalSection
	GlobalSection(SolutionProperties) = preSolution
		HideSolutionNode = FALSE
	EndGlobalSection
	GlobalSection(ExtensibilityGlobals) = postSolution
		SolutionGuid = {817584DD-EFD0-43AD-A646-9E78060E8456}
	EndGlobalSection
EndGlobal
